{
  "requires": true,
  "lockfileVersion": 1,
  "dependencies": {
    "jquery": {
      "version": "3.6.4",
      "resolved": "https://registry.npmjs.org/jquery/-/jquery-3.6.4.tgz",
      "integrity": "sha512-v28EW9DWDFpzcD9O5iyJXg3R3+q+mET5JhnjJzQUZMHOv67bpSIHq81GEYpPNZHG+XXHsfSme3nxp/hndKEcsQ=="
    },
    "pivottable": {
      "version": "2.23.0",
      "resolved": "https://registry.npmjs.org/pivottable/-/pivottable-2.23.0.tgz",
      "integrity": "sha512-6WRaiiI0mU5JxzNMWbtf3vfrBvBhBPIUbwu2Q7Nv7fVCxIvlmFqXSldMwmHAsiEFwdZdUrpQHqIu+N3jZUezyg==",
      "requires": {
        "jquery": ">=1.9.0"
      }
    }
  }
}
